// !$*UTF8*$!
{
	archiveVersion = 1;
	classes = {
	};
	objectVersion = 55;
	objects = {

/* Begin PBXBuildFile section */
		A1167B4528889895002B72A7 /* LearningApp.swift in Sources */ = {isa = PBXBuildFile; fileRef = A1167B4428889895002B72A7 /* LearningApp.swift */; };
		A1167B4728889895002B72A7 /* HomeView.swift in Sources */ = {isa = PBXBuildFile; fileRef = A1167B4628889895002B72A7 /* HomeView.swift */; };
		A1167B4928889897002B72A7 /* Assets.xcassets in Resources */ = {isa = PBXBuildFile; fileRef = A1167B4828889897002B72A7 /* Assets.xcassets */; };
		A1167B4C28889897002B72A7 /* Preview Assets.xcassets in Resources */ = {isa = PBXBuildFile; fileRef = A1167B4B28889897002B72A7 /* Preview Assets.xcassets */; };
		A1167B58288899C3002B72A7 /* ContentModel.swift in Sources */ = {isa = PBXBuildFile; fileRef = A1167B57288899C3002B72A7 /* ContentModel.swift */; };
		A1167B5A28889D15002B72A7 /* data.json in Resources */ = {isa = PBXBuildFile; fileRef = A1167B5928889D15002B72A7 /* data.json */; };
		A1167B5E28889DEC002B72A7 /* Models.swift in Sources */ = {isa = PBXBuildFile; fileRef = A1167B5D28889DEC002B72A7 /* Models.swift */; };
		A1167B602888C48E002B72A7 /* HomeViewRow.swift in Sources */ = {isa = PBXBuildFile; fileRef = A1167B5F2888C48E002B72A7 /* HomeViewRow.swift */; };
		A1167B622889AB83002B72A7 /* ContentView.swift in Sources */ = {isa = PBXBuildFile; fileRef = A1167B612889AB83002B72A7 /* ContentView.swift */; };
		A1167B642889B498002B72A7 /* ContentViewRow.swift in Sources */ = {isa = PBXBuildFile; fileRef = A1167B632889B498002B72A7 /* ContentViewRow.swift */; };
		A1167B662889B683002B72A7 /* ContentDetailView.swift in Sources */ = {isa = PBXBuildFile; fileRef = A1167B652889B683002B72A7 /* ContentDetailView.swift */; };
		A1167B692889B889002B72A7 /* AVKit.framework in Frameworks */ = {isa = PBXBuildFile; fileRef = A1167B682889B889002B72A7 /* AVKit.framework */; };
		A1167B6B2889BA25002B72A7 /* Constants.swift in Sources */ = {isa = PBXBuildFile; fileRef = A1167B6A2889BA25002B72A7 /* Constants.swift */; };
		A1167BA8288B2F1F002B72A7 /* CodeTextView.swift in Sources */ = {isa = PBXBuildFile; fileRef = A1167BA7288B2F1F002B72A7 /* CodeTextView.swift */; };
		A1167BAE288B45FF002B72A7 /* style.html in Resources */ = {isa = PBXBuildFile; fileRef = A1167BAD288B45FF002B72A7 /* style.html */; };
		A1A9BB9F288F154400A31BEA /* RectangleCard.swift in Sources */ = {isa = PBXBuildFile; fileRef = A1A9BB9E288F154400A31BEA /* RectangleCard.swift */; };
/* End PBXBuildFile section */

/* Begin PBXFileReference section */
		A1167B4128889895002B72A7 /* LearningApp.app */ = {isa = PBXFileReference; explicitFileType = wrapper.application; includeInIndex = 0; path = LearningApp.app; sourceTree = BUILT_PRODUCTS_DIR; };
		A1167B4428889895002B72A7 /* LearningApp.swift */ = {isa = PBXFileReference; lastKnownFileType = sourcecode.swift; path = LearningApp.swift; sourceTree = "<group>"; };
		A1167B4628889895002B72A7 /* HomeView.swift */ = {isa = PBXFileReference; lastKnownFileType = sourcecode.swift; path = HomeView.swift; sourceTree = "<group>"; };
		A1167B4828889897002B72A7 /* Assets.xcassets */ = {isa = PBXFileReference; lastKnownFileType = folder.assetcatalog; path = Assets.xcassets; sourceTree = "<group>"; };
		A1167B4B28889897002B72A7 /* Preview Assets.xcassets */ = {isa = PBXFileReference; lastKnownFileType = folder.assetcatalog; path = "Preview Assets.xcassets"; sourceTree = "<group>"; };
		A1167B57288899C3002B72A7 /* ContentModel.swift */ = {isa = PBXFileReference; lastKnownFileType = sourcecode.swift; path = ContentModel.swift; sourceTree = "<group>"; };
		A1167B5928889D15002B72A7 /* data.json */ = {isa = PBXFileReference; fileEncoding = 4; lastKnownFileType = text.json; path = data.json; sourceTree = "<group>"; };
		A1167B5D28889DEC002B72A7 /* Models.swift */ = {isa = PBXFileReference; lastKnownFileType = sourcecode.swift; path = Models.swift; sourceTree = "<group>"; };
		A1167B5F2888C48E002B72A7 /* HomeViewRow.swift */ = {isa = PBXFileReference; lastKnownFileType = sourcecode.swift; path = HomeViewRow.swift; sourceTree = "<group>"; };
		A1167B612889AB83002B72A7 /* ContentView.swift */ = {isa = PBXFileReference; lastKnownFileType = sourcecode.swift; path = ContentView.swift; sourceTree = "<group>"; };
		A1167B632889B498002B72A7 /* ContentViewRow.swift */ = {isa = PBXFileReference; lastKnownFileType = sourcecode.swift; path = ContentViewRow.swift; sourceTree = "<group>"; };
		A1167B652889B683002B72A7 /* ContentDetailView.swift */ = {isa = PBXFileReference; lastKnownFileType = sourcecode.swift; path = ContentDetailView.swift; sourceTree = "<group>"; };
		A1167B682889B889002B72A7 /* AVKit.framework */ = {isa = PBXFileReference; lastKnownFileType = wrapper.framework; name = AVKit.framework; path = System/Library/Frameworks/AVKit.framework; sourceTree = SDKROOT; };
		A1167B6A2889BA25002B72A7 /* Constants.swift */ = {isa = PBXFileReference; lastKnownFileType = sourcecode.swift; path = Constants.swift; sourceTree = "<group>"; };
		A1167BA7288B2F1F002B72A7 /* CodeTextView.swift */ = {isa = PBXFileReference; lastKnownFileType = sourcecode.swift; path = CodeTextView.swift; sourceTree = "<group>"; };
		A1167BAD288B45FF002B72A7 /* style.html */ = {isa = PBXFileReference; fileEncoding = 4; lastKnownFileType = text.html; name = style.html; path = ../../../../../../../.Trash/style.html; sourceTree = "<group>"; };
		A1A9BB9E288F154400A31BEA /* RectangleCard.swift */ = {isa = PBXFileReference; lastKnownFileType = sourcecode.swift; path = RectangleCard.swift; sourceTree = "<group>"; };
/* End PBXFileReference section */

/* Begin PBXFrameworksBuildPhase section */
		A1167B3E28889894002B72A7 /* Frameworks */ = {
			isa = PBXFrameworksBuildPhase;
			buildActionMask = 2147483647;
			files = (
				A1167B692889B889002B72A7 /* AVKit.framework in Frameworks */,
			);
			runOnlyForDeploymentPostprocessing = 0;
		};
/* End PBXFrameworksBuildPhase section */

/* Begin PBXGroup section */
		A1167B3828889894002B72A7 = {
			isa = PBXGroup;
			children = (
				A1167B4328889895002B72A7 /* LearningApp */,
				A1167B4228889895002B72A7 /* Products */,
				A1167B672889B888002B72A7 /* Frameworks */,
			);
			sourceTree = "<group>";
		};
		A1167B4228889895002B72A7 /* Products */ = {
			isa = PBXGroup;
			children = (
				A1167B4128889895002B72A7 /* LearningApp.app */,
			);
			name = Products;
			sourceTree = "<group>";
		};
		A1167B4328889895002B72A7 /* LearningApp */ = {
			isa = PBXGroup;
			children = (
				A1167B4428889895002B72A7 /* LearningApp.swift */,
				A1167B5428889988002B72A7 /* Models */,
				A1167B532888997F002B72A7 /* ViewModels */,
				A1167B522888997B002B72A7 /* Views */,
				A1167B552888998E002B72A7 /* Resources */,
				A1167B5628889995002B72A7 /* Utilities */,
				A1167B4828889897002B72A7 /* Assets.xcassets */,
				A1167B4A28889897002B72A7 /* Preview Content */,
			);
			path = LearningApp;
			sourceTree = "<group>";
		};
		A1167B4A28889897002B72A7 /* Preview Content */ = {
			isa = PBXGroup;
			children = (
				A1167B4B28889897002B72A7 /* Preview Assets.xcassets */,
			);
			path = "Preview Content";
			sourceTree = "<group>";
		};
		A1167B522888997B002B72A7 /* Views */ = {
			isa = PBXGroup;
			children = (
				A1167B4628889895002B72A7 /* HomeView.swift */,
				A1167B5F2888C48E002B72A7 /* HomeViewRow.swift */,
				A1167B612889AB83002B72A7 /* ContentView.swift */,
				A1167B632889B498002B72A7 /* ContentViewRow.swift */,
				A1167B652889B683002B72A7 /* ContentDetailView.swift */,
				A1167BA7288B2F1F002B72A7 /* CodeTextView.swift */,
				A1A9BB9E288F154400A31BEA /* RectangleCard.swift */,
			);
			path = Views;
			sourceTree = "<group>";
		};
		A1167B532888997F002B72A7 /* ViewModels */ = {
			isa = PBXGroup;
			children = (
				A1167B57288899C3002B72A7 /* ContentModel.swift */,
			);
			path = ViewModels;
			sourceTree = "<group>";
		};
		A1167B5428889988002B72A7 /* Models */ = {
			isa = PBXGroup;
			children = (
				A1167B5D28889DEC002B72A7 /* Models.swift */,
			);
			path = Models;
			sourceTree = "<group>";
		};
		A1167B552888998E002B72A7 /* Resources */ = {
			isa = PBXGroup;
			children = (
				A1167B5928889D15002B72A7 /* data.json */,
				A1167BAD288B45FF002B72A7 /* style.html */,
				A1167B6A2889BA25002B72A7 /* Constants.swift */,
			);
			path = Resources;
			sourceTree = "<group>";
		};
		A1167B5628889995002B72A7 /* Utilities */ = {
			isa = PBXGroup;
			children = (
			);
			path = Utilities;
			sourceTree = "<group>";
		};
		A1167B672889B888002B72A7 /* Frameworks */ = {
			isa = PBXGroup;
			children = (
				A1167B682889B889002B72A7 /* AVKit.framework */,
			);
			name = Frameworks;
			sourceTree = "<group>";
		};
/* End PBXGroup section */

/* Begin PBXNativeTarget section */
		A1167B4028889894002B72A7 /* LearningApp */ = {
			isa = PBXNativeTarget;
			buildConfigurationList = A1167B4F28889897002B72A7 /* Build configuration list for PBXNativeTarget "LearningApp" */;
			buildPhases = (
				A1167B3D28889894002B72A7 /* Sources */,
				A1167B3E28889894002B72A7 /* Frameworks */,
				A1167B3F28889894002B72A7 /* Resources */,
			);
			buildRules = (
			);
			dependencies = (
			);
			name = LearningApp;
			productName = LearningApp;
			productReference = A1167B4128889895002B72A7 /* LearningApp.app */;
			productType = "com.apple.product-type.application";
		};
/* End PBXNativeTarget section */

/* Begin PBXProject section */
		A1167B3928889894002B72A7 /* Project object */ = {
			isa = PBXProject;
			attributes = {
				BuildIndependentTargetsInParallel = 1;
				LastSwiftUpdateCheck = 1340;
				LastUpgradeCheck = 1340;
				TargetAttributes = {
					A1167B4028889894002B72A7 = {
						CreatedOnToolsVersion = 13.4.1;
					};
				};
			};
			buildConfigurationList = A1167B3C28889894002B72A7 /* Build configuration list for PBXProject "LearningApp" */;
			compatibilityVersion = "Xcode 13.0";
			developmentRegion = en;
			hasScannedForEncodings = 0;
			knownRegions = (
				en,
				Base,
			);
			mainGroup = A1167B3828889894002B72A7;
			productRefGroup = A1167B4228889895002B72A7 /* Products */;
			projectDirPath = "";
			projectRoot = "";
			targets = (
				A1167B4028889894002B72A7 /* LearningApp */,
			);
		};
/* End PBXProject section */

/* Begin PBXResourcesBuildPhase section */
		A1167B3F28889894002B72A7 /* Resources */ = {
			isa = PBXResourcesBuildPhase;
			buildActionMask = 2147483647;
			files = (
				A1167B4C28889897002B72A7 /* Preview Assets.xcassets in Resources */,
				A1167B5A28889D15002B72A7 /* data.json in Resources */,
				A1167BAE288B45FF002B72A7 /* style.html in Resources */,
				A1167B4928889897002B72A7 /* Assets.xcassets in Resources */,
			);
			runOnlyForDeploymentPostprocessing = 0;
		};
/* End PBXResourcesBuildPhase section */

/* Begin PBXSourcesBuildPhase section */
		A1167B3D28889894002B72A7 /* Sources */ = {
			isa = PBXSourcesBuildPhase;
			buildActionMask = 2147483647;
			files = (
				A1167B602888C48E002B72A7 /* HomeViewRow.swift in Sources */,
				A1167B4728889895002B72A7 /* HomeView.swift in Sources */,
				A1167B622889AB83002B72A7 /* ContentView.swift in Sources */,
				A1167B662889B683002B72A7 /* ContentDetailView.swift in Sources */,
				A1167B5E28889DEC002B72A7 /* Models.swift in Sources */,
				A1167B642889B498002B72A7 /* ContentViewRow.swift in Sources */,
				A1167BA8288B2F1F002B72A7 /* CodeTextView.swift in Sources */,
				A1167B4528889895002B72A7 /* LearningApp.swift in Sources */,
				A1167B58288899C3002B72A7 /* ContentModel.swift in Sources */,
				A1A9BB9F288F154400A31BEA /* RectangleCard.swift in Sources */,
				A1167B6B2889BA25002B72A7 /* Constants.swift in Sources */,
			);
			runOnlyForDeploymentPostprocessing = 0;
		};
/* End PBXSourcesBuildPhase section */

/* Begin XCBuildConfiguration section */
		A1167B4D28889897002B72A7 /* Debug */ = {
			isa = XCBuildConfiguration;
			buildSettings = {
				ALWAYS_SEARCH_USER_PATHS = NO;
				CLANG_ANALYZER_NONNULL = YES;
				CLANG_ANALYZER_NUMBER_OBJECT_CONVERSION = YES_AGGRESSIVE;
				CLANG_CXX_LANGUAGE_STANDARD = "gnu++17";
				CLANG_ENABLE_MODULES = YES;
				CLANG_ENABLE_OBJC_ARC = YES;
				CLANG_ENABLE_OBJC_WEAK = YES;
				CLANG_WARN_BLOCK_CAPTURE_AUTORELEASING = YES;
				CLANG_WARN_BOOL_CONVERSION = YES;
				CLANG_WARN_COMMA = YES;
				CLANG_WARN_CONSTANT_CONVERSION = YES;
				CLANG_WARN_DEPRECATED_OBJC_IMPLEMENTATIONS = YES;
				CLANG_WARN_DIRECT_OBJC_ISA_USAGE = YES_ERROR;
				CLANG_WARN_DOCUMENTATION_COMMENTS = YES;
				CLANG_WARN_EMPTY_BODY = YES;
				CLANG_WARN_ENUM_CONVERSION = YES;
				CLANG_WARN_INFINITE_RECURSION = YES;
				CLANG_WARN_INT_CONVERSION = YES;
				CLANG_WARN_NON_LITERAL_NULL_CONVERSION = YES;
				CLANG_WARN_OBJC_IMPLICIT_RETAIN_SELF = YES;
				CLANG_WARN_OBJC_LITERAL_CONVERSION = YES;
				CLANG_WARN_OBJC_ROOT_CLASS = YES_ERROR;
				CLANG_WARN_QUOTED_INCLUDE_IN_FRAMEWORK_HEADER = YES;
				CLANG_WARN_RANGE_LOOP_ANALYSIS = YES;
				CLANG_WARN_STRICT_PROTOTYPES = YES;
				CLANG_WARN_SUSPICIOUS_MOVE = YES;
				CLANG_WARN_UNGUARDED_AVAILABILITY = YES_AGGRESSIVE;
				CLANG_WARN_UNREACHABLE_CODE = YES;
				CLANG_WARN__DUPLICATE_METHOD_MATCH = YES;
				COPY_PHASE_STRIP = NO;
				DEBUG_INFORMATION_FORMAT = dwarf;
				ENABLE_STRICT_OBJC_MSGSEND = YES;
				ENABLE_TESTABILITY = YES;
				GCC_C_LANGUAGE_STANDARD = gnu11;
				GCC_DYNAMIC_NO_PIC = NO;
				GCC_NO_COMMON_BLOCKS = YES;
				GCC_OPTIMIZATION_LEVEL = 0;
				GCC_PREPROCESSOR_DEFINITIONS = (
					"DEBUG=1",
					"$(inherited)",
				);
				GCC_WARN_64_TO_32_BIT_CONVERSION = YES;
				GCC_WARN_ABOUT_RETURN_TYPE = YES_ERROR;
				GCC_WARN_UNDECLARED_SELECTOR = YES;
				GCC_WARN_UNINITIALIZED_AUTOS = YES_AGGRESSIVE;
				GCC_WARN_UNUSED_FUNCTION = YES;
				GCC_WARN_UNUSED_VARIABLE = YES;
				IPHONEOS_DEPLOYMENT_TARGET = 15.5;
				MTL_ENABLE_DEBUG_INFO = INCLUDE_SOURCE;
				MTL_FAST_MATH = YES;
				ONLY_ACTIVE_ARCH = YES;
				SDKROOT = iphoneos;
				SWIFT_ACTIVE_COMPILATION_CONDITIONS = DEBUG;
				SWIFT_OPTIMIZATION_LEVEL = "-Onone";
			};
			name = Debug;
		};
		A1167B4E28889897002B72A7 /* Release */ = {
			isa = XCBuildConfiguration;
			buildSettings = {
				ALWAYS_SEARCH_USER_PATHS = NO;
				CLANG_ANALYZER_NONNULL = YES;
				CLANG_ANALYZER_NUMBER_OBJECT_CONVERSION = YES_AGGRESSIVE;
				CLANG_CXX_LANGUAGE_STANDARD = "gnu++17";
				CLANG_ENABLE_MODULES = YES;
				CLANG_ENABLE_OBJC_ARC = YES;
				CLANG_ENABLE_OBJC_WEAK = YES;
				CLANG_WARN_BLOCK_CAPTURE_AUTORELEASING = YES;
				CLANG_WARN_BOOL_CONVERSION = YES;
				CLANG_WARN_COMMA = YES;
				CLANG_WARN_CONSTANT_CONVERSION = YES;
				CLANG_WARN_DEPRECATED_OBJC_IMPLEMENTATIONS = YES;
				CLANG_WARN_DIRECT_OBJC_ISA_USAGE = YES_ERROR;
				CLANG_WARN_DOCUMENTATION_COMMENTS = YES;
				CLANG_WARN_EMPTY_BODY = YES;
				CLANG_WARN_ENUM_CONVERSION = YES;
				CLANG_WARN_INFINITE_RECURSION = YES;
				CLANG_WARN_INT_CONVERSION = YES;
				CLANG_WARN_NON_LITERAL_NULL_CONVERSION = YES;
				CLANG_WARN_OBJC_IMPLICIT_RETAIN_SELF = YES;
				CLANG_WARN_OBJC_LITERAL_CONVERSION = YES;
				CLANG_WARN_OBJC_ROOT_CLASS = YES_ERROR;
				CLANG_WARN_QUOTED_INCLUDE_IN_FRAMEWORK_HEADER = YES;
				CLANG_WARN_RANGE_LOOP_ANALYSIS = YES;
				CLANG_WARN_STRICT_PROTOTYPES = YES;
				CLANG_WARN_SUSPICIOUS_MOVE = YES;
				CLANG_WARN_UNGUARDED_AVAILABILITY = YES_AGGRESSIVE;
				CLANG_WARN_UNREACHABLE_CODE = YES;
				CLANG_WARN__DUPLICATE_METHOD_MATCH = YES;
				COPY_PHASE_STRIP = NO;
				DEBUG_INFORMATION_FORMAT = "dwarf-with-dsym";
				ENABLE_NS_ASSERTIONS = NO;
				ENABLE_STRICT_OBJC_MSGSEND = YES;
				GCC_C_LANGUAGE_STANDARD = gnu11;
				GCC_NO_COMMON_BLOCKS = YES;
				GCC_WARN_64_TO_32_BIT_CONVERSION = YES;
				GCC_WARN_ABOUT_RETURN_TYPE = YES_ERROR;
				GCC_WARN_UNDECLARED_SELECTOR = YES;
				GCC_WARN_UNINITIALIZED_AUTOS = YES_AGGRESSIVE;
				GCC_WARN_UNUSED_FUNCTION = YES;
				GCC_WARN_UNUSED_VARIABLE = YES;
				IPHONEOS_DEPLOYMENT_TARGET = 15.5;
				MTL_ENABLE_DEBUG_INFO = NO;
				MTL_FAST_MATH = YES;
				SDKROOT = iphoneos;
				SWIFT_COMPILATION_MODE = wholemodule;
				SWIFT_OPTIMIZATION_LEVEL = "-O";
				VALIDATE_PRODUCT = YES;
			};
			name = Release;
		};
		A1167B5028889897002B72A7 /* Debug */ = {
			isa = XCBuildConfiguration;
			buildSettings = {
				ASSETCATALOG_COMPILER_APPICON_NAME = AppIcon;
				ASSETCATALOG_COMPILER_GLOBAL_ACCENT_COLOR_NAME = AccentColor;
				CODE_SIGN_STYLE = Automatic;
				CURRENT_PROJECT_VERSION = 1;
				DEVELOPMENT_ASSET_PATHS = "\"LearningApp/Preview Content\"";
				ENABLE_PREVIEWS = YES;
				GENERATE_INFOPLIST_FILE = YES;
				INFOPLIST_KEY_UIApplicationSceneManifest_Generation = YES;
				INFOPLIST_KEY_UIApplicationSupportsIndirectInputEvents = YES;
				INFOPLIST_KEY_UILaunchScreen_Generation = YES;
				INFOPLIST_KEY_UISupportedInterfaceOrientations_iPad = "UIInterfaceOrientationPortrait UIInterfaceOrientationPortraitUpsideDown UIInterfaceOrientationLandscapeLeft UIInterfaceOrientationLandscapeRight";
				INFOPLIST_KEY_UISupportedInterfaceOrientations_iPhone = "UIInterfaceOrientationPortrait UIInterfaceOrientationLandscapeLeft UIInterfaceOrientationLandscapeRight";
				LD_RUNPATH_SEARCH_PATHS = (
					"$(inherited)",
					"@executable_path/Frameworks",
				);
				MARKETING_VERSION = 1.0;
				PRODUCT_BUNDLE_IDENTIFIER = andyBarbaro.LearningApp;
				PRODUCT_NAME = "$(TARGET_NAME)";
				SWIFT_EMIT_LOC_STRINGS = YES;
				SWIFT_VERSION = 5.0;
				TARGETED_DEVICE_FAMILY = "1,2";
			};
			name = Debug;
		};
		A1167B5128889897002B72A7 /* Release */ = {
			isa = XCBuildConfiguration;
			buildSettings = {
				ASSETCATALOG_COMPILER_APPICON_NAME = AppIcon;
				ASSETCATALOG_COMPILER_GLOBAL_ACCENT_COLOR_NAME = AccentColor;
				CODE_SIGN_STYLE = Automatic;
				CURRENT_PROJECT_VERSION = 1;
				DEVELOPMENT_ASSET_PATHS = "\"LearningApp/Preview Content\"";
				ENABLE_PREVIEWS = YES;
				GENERATE_INFOPLIST_FILE = YES;
				INFOPLIST_KEY_UIApplicationSceneManifest_Generation = YES;
				INFOPLIST_KEY_UIApplicationSupportsIndirectInputEvents = YES;
				INFOPLIST_KEY_UILaunchScreen_Generation = YES;
				INFOPLIST_KEY_UISupportedInterfaceOrientations_iPad = "UIInterfaceOrientationPortrait UIInterfaceOrientationPortraitUpsideDown UIInterfaceOrientationLandscapeLeft UIInterfaceOrientationLandscapeRight";
				INFOPLIST_KEY_UISupportedInterfaceOrientations_iPhone = "UIInterfaceOrientationPortrait UIInterfaceOrientationLandscapeLeft UIInterfaceOrientationLandscapeRight";
				LD_RUNPATH_SEARCH_PATHS = (
					"$(inherited)",
					"@executable_path/Frameworks",
				);
				MARKETING_VERSION = 1.0;
				PRODUCT_BUNDLE_IDENTIFIER = andyBarbaro.LearningApp;
				PRODUCT_NAME = "$(TARGET_NAME)";
				SWIFT_EMIT_LOC_STRINGS = YES;
				SWIFT_VERSION = 5.0;
				TARGETED_DEVICE_FAMILY = "1,2";
			};
			name = Release;
		};
/* End XCBuildConfiguration section */

/* Begin XCConfigurationList section */
		A1167B3C28889894002B72A7 /* Build configuration list for PBXProject "LearningApp" */ = {
			isa = XCConfigurationList;
			buildConfigurations = (
				A1167B4D28889897002B72A7 /* Debug */,
				A1167B4E28889897002B72A7 /* Release */,
			);
			defaultConfigurationIsVisible = 0;
			defaultConfigurationName = Release;
		};
		A1167B4F28889897002B72A7 /* Build configuration list for PBXNativeTarget "LearningApp" */ = {
			isa = XCConfigurationList;
			buildConfigurations = (
				A1167B5028889897002B72A7 /* Debug */,
				A1167B5128889897002B72A7 /* Release */,
			);
			defaultConfigurationIsVisible = 0;
			defaultConfigurationName = Release;
		};
/* End XCConfigurationList section */
	};
	rootObject = A1167B3928889894002B72A7 /* Project object */;
}
